
Microsoft Visual Studio Solution File, Format Version 12.00
# Visual Studio 15
VisualStudioVersion = 15.0.28307.572
MinimumVisualStudioVersion = 10.0.40219.1
Project("{FAE04EC0-301F-11D3-BF4B-00C04F79EFBC}") = "Calculadora.Android", "Calculadora\Calculadora.Android\Calculadora.Android.csproj", "{CA454C58-C1B7-4D32-81C6-1AD182FEABF0}"
EndProject
Project("{FAE04EC0-301F-11D3-BF4B-00C04F79EFBC}") = "Calculadora", "Calculadora\Calculadora\Calculadora.csproj", "{099ACB97-7E82-4ACD-9085-EE227EB8D1EF}"
EndProject
Global
	GlobalSection(SolutionConfigurationPlatforms) = preSolution
		Debug|Any CPU = Debug|Any CPU
		Release|Any CPU = Release|Any CPU
	EndGlobalSection
	GlobalSection(ProjectConfigurationPlatforms) = postSolution
		{CA454C58-C1B7-4D32-81C6-1AD182FEABF0}.Debug|Any CPU.ActiveCfg = Debug|Any CPU
		{CA454C58-C1B7-4D32-81C6-1AD182FEABF0}.Debug|Any CPU.Build.0 = Debug|Any CPU
		{CA454C58-C1B7-4D32-81C6-1AD182FEABF0}.Debug|Any CPU.Deploy.0 = Debug|Any CPU
		{CA454C58-C1B7-4D32-81C6-1AD182FEABF0}.Release|Any CPU.ActiveCfg = Release|Any CPU
		{CA454C58-C1B7-4D32-81C6-1AD182FEABF0}.Release|Any CPU.Build.0 = Release|Any CPU
		{CA454C58-C1B7-4D32-81C6-1AD182FEABF0}.Release|Any CPU.Deploy.0 = Release|Any CPU
		{099ACB97-7E82-4ACD-9085-EE227EB8D1EF}.Debug|Any CPU.ActiveCfg = Debug|Any CPU
		{099ACB97-7E82-4ACD-9085-EE227EB8D1EF}.Debug|Any CPU.Build.0 = Debug|Any CPU
		{099ACB97-7E82-4ACD-9085-EE227EB8D1EF}.Debug|Any CPU.Deploy.0 = Debug|Any CPU
		{099ACB97-7E82-4ACD-9085-EE227EB8D1EF}.Release|Any CPU.ActiveCfg = Release|Any CPU
		{099ACB97-7E82-4ACD-9085-EE227EB8D1EF}.Release|Any CPU.Build.0 = Release|Any CPU
		{099ACB97-7E82-4ACD-9085-EE227EB8D1EF}.Release|Any CPU.Deploy.0 = Release|Any CPU
	EndGlobalSection
	GlobalSection(SolutionProperties) = preSolution
		HideSolutionNode = FALSE
	EndGlobalSection
	GlobalSection(ExtensibilityGlobals) = postSolution
		SolutionGuid = {E07AF274-344D-4D63-BEDA-8DD7E494864B}
	EndGlobalSection
EndGlobal
